
Microsoft Visual Studio Solution File, Format Version 12.00
# Visual Studio Version 17
VisualStudioVersion = 17.0.31903.59
MinimumVisualStudioVersion = 10.0.40219.1
Project("{F2A71F9B-5D33-465A-A702-920D77279786}") = "Orsak.Benchmarks", "Orsak.Benchmarks\Orsak.Benchmarks.fsproj", "{AC98E6EA-B5A8-45EA-8D0E-0BAE2BB6697D}"
EndProject
Project("{F2A71F9B-5D33-465A-A702-920D77279786}") = "Orsak", "..\src\Orsak\Orsak.fsproj", "{E5A2DE7A-1789-C44D-59C6-A363ED7FA6CC}"
EndProject
Global
	GlobalSection(SolutionConfigurationPlatforms) = preSolution
		Debug|Any CPU = Debug|Any CPU
		Debug|x64 = Debug|x64
		Debug|x86 = Debug|x86
		Release|Any CPU = Release|Any CPU
		Release|x64 = Release|x64
		Release|x86 = Release|x86
	EndGlobalSection
	GlobalSection(ProjectConfigurationPlatforms) = postSolution
		{AC98E6EA-B5A8-45EA-8D0E-0BAE2BB6697D}.Debug|Any CPU.ActiveCfg = Debug|Any CPU
		{AC98E6EA-B5A8-45EA-8D0E-0BAE2BB6697D}.Debug|Any CPU.Build.0 = Debug|Any CPU
		{AC98E6EA-B5A8-45EA-8D0E-0BAE2BB6697D}.Debug|x64.ActiveCfg = Debug|Any CPU
		{AC98E6EA-B5A8-45EA-8D0E-0BAE2BB6697D}.Debug|x64.Build.0 = Debug|Any CPU
		{AC98E6EA-B5A8-45EA-8D0E-0BAE2BB6697D}.Debug|x86.ActiveCfg = Debug|Any CPU
		{AC98E6EA-B5A8-45EA-8D0E-0BAE2BB6697D}.Debug|x86.Build.0 = Debug|Any CPU
		{AC98E6EA-B5A8-45EA-8D0E-0BAE2BB6697D}.Release|Any CPU.ActiveCfg = Release|Any CPU
		{AC98E6EA-B5A8-45EA-8D0E-0BAE2BB6697D}.Release|Any CPU.Build.0 = Release|Any CPU
		{AC98E6EA-B5A8-45EA-8D0E-0BAE2BB6697D}.Release|x64.ActiveCfg = Release|Any CPU
		{AC98E6EA-B5A8-45EA-8D0E-0BAE2BB6697D}.Release|x64.Build.0 = Release|Any CPU
		{AC98E6EA-B5A8-45EA-8D0E-0BAE2BB6697D}.Release|x86.ActiveCfg = Release|Any CPU
		{AC98E6EA-B5A8-45EA-8D0E-0BAE2BB6697D}.Release|x86.Build.0 = Release|Any CPU
		{E5A2DE7A-1789-C44D-59C6-A363ED7FA6CC}.Debug|Any CPU.ActiveCfg = Debug|Any CPU
		{E5A2DE7A-1789-C44D-59C6-A363ED7FA6CC}.Debug|Any CPU.Build.0 = Debug|Any CPU
		{E5A2DE7A-1789-C44D-59C6-A363ED7FA6CC}.Debug|x64.ActiveCfg = Debug|Any CPU
		{E5A2DE7A-1789-C44D-59C6-A363ED7FA6CC}.Debug|x64.Build.0 = Debug|Any CPU
		{E5A2DE7A-1789-C44D-59C6-A363ED7FA6CC}.Debug|x86.ActiveCfg = Debug|Any CPU
		{E5A2DE7A-1789-C44D-59C6-A363ED7FA6CC}.Debug|x86.Build.0 = Debug|Any CPU
		{E5A2DE7A-1789-C44D-59C6-A363ED7FA6CC}.Release|Any CPU.ActiveCfg = Release|Any CPU
		{E5A2DE7A-1789-C44D-59C6-A363ED7FA6CC}.Release|Any CPU.Build.0 = Release|Any CPU
		{E5A2DE7A-1789-C44D-59C6-A363ED7FA6CC}.Release|x64.ActiveCfg = Release|Any CPU
		{E5A2DE7A-1789-C44D-59C6-A363ED7FA6CC}.Release|x64.Build.0 = Release|Any CPU
		{E5A2DE7A-1789-C44D-59C6-A363ED7FA6CC}.Release|x86.ActiveCfg = Release|Any CPU
		{E5A2DE7A-1789-C44D-59C6-A363ED7FA6CC}.Release|x86.Build.0 = Release|Any CPU
	EndGlobalSection
	GlobalSection(SolutionProperties) = preSolution
		HideSolutionNode = FALSE
	EndGlobalSection
EndGlobal
